
Microsoft Visual Studio Solution File, Format Version 12.00
# Visual Studio Version 17
VisualStudioVersion = 17.4.33213.308
MinimumVisualStudioVersion = 10.0.40219.1
Project("{9A19103F-16F7-4668-BE54-9A1E7A4F7556}") = "EMailNotifier", "EMailNotifier\EMailNotifier.csproj", "{972CE6F2-62F9-4205-B123-9D68DBA3ADD6}"
EndProject
Global
	GlobalSection(SolutionConfigurationPlatforms) = preSolution
		Debug|Any CPU = Debug|Any CPU
		Release|Any CPU = Release|Any CPU
	EndGlobalSection
	GlobalSection(ProjectConfigurationPlatforms) = postSolution
		{972CE6F2-62F9-4205-B123-9D68DBA3ADD6}.Debug|Any CPU.ActiveCfg = Debug|Any CPU
		{972CE6F2-62F9-4205-B123-9D68DBA3ADD6}.Debug|Any CPU.Build.0 = Debug|Any CPU
		{972CE6F2-62F9-4205-B123-9D68DBA3ADD6}.Release|Any CPU.ActiveCfg = Release|Any CPU
		{972CE6F2-62F9-4205-B123-9D68DBA3ADD6}.Release|Any CPU.Build.0 = Release|Any CPU
	EndGlobalSection
	GlobalSection(SolutionProperties) = preSolution
		HideSolutionNode = FALSE
	EndGlobalSection
	GlobalSection(ExtensibilityGlobals) = postSolution
		SolutionGuid = {B4D6A4DF-472D-4006-B6F7-22BACE03F148}
	EndGlobalSection
EndGlobal
